{
    "_readme": [
        "This file locks the dependencies of your project to a known state",
        "Read more about it at https://getcomposer.org/doc/01-basic-usage.md#composer-lock-the-lock-file",
        "This file is @generated automatically"
    ],
    "hash": "7b3f34bbcfe5921d90b021eaf50699e2",
    "content-hash": "740d753aefed31af8a6202b149e52cde",
    "packages": [
        {
            "name": "leancloud/leancloud-sdk",
            "version": "v0.5.1",
            "source": {
                "type": "git",
                "url": "https://github.com/leancloud/php-sdk.git",
                "reference": "d45c434ffd93684d7d91db012934eeee764b9a8e"
            },
            "dist": {
                "type": "zip",
                "url": "https://packagist.phpcomposer.com/files/leancloud/php-sdk/d45c434ffd93684d7d91db012934eeee764b9a8e.zip",
                "reference": "d45c434ffd93684d7d91db012934eeee764b9a8e",
                "shasum": ""
            },
            "require": {
                "ext-curl": "*"
            },
            "require-dev": {
                "apigen/apigen": "^4.1",
                "phpunit/phpunit": "^4.8"
            },
            "type": "library",
            "autoload": {
                "psr-4": {
                    "LeanCloud\\": "src/LeanCloud"
                }
            },
            "notification-url": "https://packagist.org/downloads/",
            "authors": [
                {
                    "name": "Juvenn Woo",
                    "email": "yun.wu@leancloud.rocks"
                }
            ],
            "description": "LeanCloud PHP SDK",
            "homepage": "https://github.com/leancloud/php-sdk",
            "keywords": [
                "leancloud"
            ],
            "time": "2016-11-25 10:34:06"
        }
    ],
    "packages-dev": [
        {
            "name": "mikey179/vfsStream",
            "version": "v1.1.0",
            "source": {
                "type": "git",
                "url": "https://github.com/mikey179/vfsStream.git",
                "reference": "fc0fe8f4d0b527254a2dc45f0c265567c881d07e"
            },
            "dist": {
                "type": "zip",
                "url": "https://packagist.phpcomposer.com/files/mikey179/vfsStream/fc0fe8f4d0b527254a2dc45f0c265567c881d07e.zip",
                "reference": "fc0fe8f4d0b527254a2dc45f0c265567c881d07e",
                "shasum": ""
            },
            "require": {
                "php": ">=5.3.0"
            },
            "type": "library",
            "autoload": {
                "psr-0": {
                    "org\\bovigo\\vfs": "src/main/php"
                }
            },
            "notification-url": "https://packagist.org/downloads/",
            "license": [
                "BSD"
            ],
            "homepage": "http://vfs.bovigo.org/",
            "time": "2012-08-25 12:49:29"
        }
    ],
    "aliases": [],
    "minimum-stability": "stable",
    "stability-flags": [],
    "prefer-stable": false,
    "prefer-lowest": false,
    "platform": {
        "php": ">=5.2.4"
    },
    "platform-dev": []
}
